Microsoft Visual Studio Solution File, Format Version 12.00
# Visual Studio Version 16
VisualStudioVersion = 16.0.0.0
MinimumVisualStudioVersion = 16.0.0.0
Project("{9A19103F-16F7-4668-BE54-9A1E7A4F7556}") = "BanMonitor.Server", "Server\BanMonitor.Server.csproj", "{BA2B813C-0C54-46B1-83BF-DEB683DD3BD5}"
EndProject
Project("{9A19103F-16F7-4668-BE54-9A1E7A4F7556}") = "BanMonitor.Client", "Client\BanMonitor.Client.csproj", "{E4CD13EC-6E4D-4171-B9E4-B908FF9FBB5D}"
EndProject
Project("{9A19103F-16F7-4668-BE54-9A1E7A4F7556}") = "BanMonitor.Shared", "Shared\BanMonitor.Shared.csproj", "{0A92EF31-0639-48EA-BC76-F03A3BE71918}"
EndProject
Global
	GlobalSection(SolutionConfigurationPlatforms) = preSolution
		Debug|Any CPU = Debug|Any CPU
		Debug|x64 = Debug|x64
		Debug|x86 = Debug|x86
		Release|Any CPU = Release|Any CPU
		Release|x64 = Release|x64
		Release|x86 = Release|x86
	EndGlobalSection
	GlobalSection(ProjectConfigurationPlatforms) = postSolution
		{E4CD13EC-6E4D-4171-B9E4-B908FF9FBB5D}.Debug|Any CPU.ActiveCfg = Debug|Any CPU
		{E4CD13EC-6E4D-4171-B9E4-B908FF9FBB5D}.Debug|Any CPU.Build.0 = Debug|Any CPU
		{E4CD13EC-6E4D-4171-B9E4-B908FF9FBB5D}.Debug|x64.ActiveCfg = Debug|Any CPU
		{E4CD13EC-6E4D-4171-B9E4-B908FF9FBB5D}.Debug|x64.Build.0 = Debug|Any CPU
		{E4CD13EC-6E4D-4171-B9E4-B908FF9FBB5D}.Debug|x86.ActiveCfg = Debug|Any CPU
		{E4CD13EC-6E4D-4171-B9E4-B908FF9FBB5D}.Debug|x86.Build.0 = Debug|Any CPU
		{E4CD13EC-6E4D-4171-B9E4-B908FF9FBB5D}.Release|Any CPU.ActiveCfg = Release|Any CPU
		{E4CD13EC-6E4D-4171-B9E4-B908FF9FBB5D}.Release|Any CPU.Build.0 = Release|Any CPU
		{E4CD13EC-6E4D-4171-B9E4-B908FF9FBB5D}.Release|x64.ActiveCfg = Release|Any CPU
		{E4CD13EC-6E4D-4171-B9E4-B908FF9FBB5D}.Release|x64.Build.0 = Release|Any CPU
		{E4CD13EC-6E4D-4171-B9E4-B908FF9FBB5D}.Release|x86.ActiveCfg = Release|Any CPU
		{E4CD13EC-6E4D-4171-B9E4-B908FF9FBB5D}.Release|x86.Build.0 = Release|Any CPU
		{BA2B813C-0C54-46B1-83BF-DEB683DD3BD5}.Debug|Any CPU.ActiveCfg = Debug|Any CPU
		{BA2B813C-0C54-46B1-83BF-DEB683DD3BD5}.Debug|Any CPU.Build.0 = Debug|Any CPU
		{BA2B813C-0C54-46B1-83BF-DEB683DD3BD5}.Debug|x64.ActiveCfg = Debug|Any CPU
		{BA2B813C-0C54-46B1-83BF-DEB683DD3BD5}.Debug|x64.Build.0 = Debug|Any CPU
		{BA2B813C-0C54-46B1-83BF-DEB683DD3BD5}.Debug|x86.ActiveCfg = Debug|Any CPU
		{BA2B813C-0C54-46B1-83BF-DEB683DD3BD5}.Debug|x86.Build.0 = Debug|Any CPU
		{BA2B813C-0C54-46B1-83BF-DEB683DD3BD5}.Release|Any CPU.ActiveCfg = Release|Any CPU
		{BA2B813C-0C54-46B1-83BF-DEB683DD3BD5}.Release|Any CPU.Build.0 = Release|Any CPU
		{BA2B813C-0C54-46B1-83BF-DEB683DD3BD5}.Release|x64.ActiveCfg = Release|Any CPU
		{BA2B813C-0C54-46B1-83BF-DEB683DD3BD5}.Release|x64.Build.0 = Release|Any CPU
		{BA2B813C-0C54-46B1-83BF-DEB683DD3BD5}.Release|x86.ActiveCfg = Release|Any CPU
		{BA2B813C-0C54-46B1-83BF-DEB683DD3BD5}.Release|x86.Build.0 = Release|Any CPU
		{0A92EF31-0639-48EA-BC76-F03A3BE71918}.Debug|Any CPU.ActiveCfg = Debug|Any CPU
		{0A92EF31-0639-48EA-BC76-F03A3BE71918}.Debug|Any CPU.Build.0 = Debug|Any CPU
		{0A92EF31-0639-48EA-BC76-F03A3BE71918}.Debug|x64.ActiveCfg = Debug|Any CPU
		{0A92EF31-0639-48EA-BC76-F03A3BE71918}.Debug|x64.Build.0 = Debug|Any CPU
		{0A92EF31-0639-48EA-BC76-F03A3BE71918}.Debug|x86.ActiveCfg = Debug|Any CPU
		{0A92EF31-0639-48EA-BC76-F03A3BE71918}.Debug|x86.Build.0 = Debug|Any CPU
		{0A92EF31-0639-48EA-BC76-F03A3BE71918}.Release|Any CPU.ActiveCfg = Release|Any CPU
		{0A92EF31-0639-48EA-BC76-F03A3BE71918}.Release|Any CPU.Build.0 = Release|Any CPU
		{0A92EF31-0639-48EA-BC76-F03A3BE71918}.Release|x64.ActiveCfg = Release|Any CPU
		{0A92EF31-0639-48EA-BC76-F03A3BE71918}.Release|x64.Build.0 = Release|Any CPU
		{0A92EF31-0639-48EA-BC76-F03A3BE71918}.Release|x86.ActiveCfg = Release|Any CPU
		{0A92EF31-0639-48EA-BC76-F03A3BE71918}.Release|x86.Build.0 = Release|Any CPU
	EndGlobalSection
	GlobalSection(SolutionProperties) = preSolution
		HideSolutionNode = FALSE
	EndGlobalSection
	GlobalSection(ExtensibilityGlobals) = postSolution
		SolutionGuid = {BFDA3D86-F393-4727-846C-1C6769817646}
	EndGlobalSection
EndGlobal